
Microsoft Visual Studio Solution File, Format Version 12.00
# Visual Studio Version 17
VisualStudioVersion = 17.11.35219.272
MinimumVisualStudioVersion = 10.0.40219.1
Project("{2150E333-8FDC-42A3-9474-1A3956D46DE8}") = "Core", "Core", "{FEA90B21-7705-4FBB-88DA-55D988999077}"
EndProject
Project("{2150E333-8FDC-42A3-9474-1A3956D46DE8}") = "Infrastructure", "Infrastructure", "{5DC3DDD7-17C6-4A75-90AC-9A36F6338A3F}"
EndProject
Project("{2150E333-8FDC-42A3-9474-1A3956D46DE8}") = "Presentation", "Presentation", "{809D05CC-07BF-48F5-A73A-12A8B9C46214}"
EndProject
Project("{FAE04EC0-301F-11D3-BF4B-00C04F79EFBC}") = "EcommerceAPI.Application", "Core\EcommerceAPI.Application\EcommerceAPI.Application.csproj", "{AC2F97A8-50E7-4B40-9C79-87C48238CFA6}"
EndProject
Project("{FAE04EC0-301F-11D3-BF4B-00C04F79EFBC}") = "EcommerceAPI.Domain", "Core\EcommerceAPI.Domain\EcommerceAPI.Domain.csproj", "{53FBA205-2807-485C-B1CD-E6BDD10E6BBD}"
EndProject
Project("{FAE04EC0-301F-11D3-BF4B-00C04F79EFBC}") = "EcommerceAPI.Infrastructure", "Infrastructure\EcommerceAPI.Infrastructure\EcommerceAPI.Infrastructure.csproj", "{572EA19A-23B0-4021-82AA-E51E49AB4481}"
EndProject
Project("{FAE04EC0-301F-11D3-BF4B-00C04F79EFBC}") = "EcommerceAPI.Persistance", "Infrastructure\EcommerceAPI.Persistance\EcommerceAPI.Persistance.csproj", "{1D695E82-4863-4123-B8E6-F52AEF1D333A}"
EndProject
Project("{FAE04EC0-301F-11D3-BF4B-00C04F79EFBC}") = "EcommerceAPI.Api", "Presentation\EcommerceAPI.Api\EcommerceAPI.Api.csproj", "{EFE16C65-1B37-4E19-984C-AB5BD38131DD}"
EndProject
Global
	GlobalSection(SolutionConfigurationPlatforms) = preSolution
		Debug|Any CPU = Debug|Any CPU
		Release|Any CPU = Release|Any CPU
	EndGlobalSection
	GlobalSection(ProjectConfigurationPlatforms) = postSolution
		{AC2F97A8-50E7-4B40-9C79-87C48238CFA6}.Debug|Any CPU.ActiveCfg = Debug|Any CPU
		{AC2F97A8-50E7-4B40-9C79-87C48238CFA6}.Debug|Any CPU.Build.0 = Debug|Any CPU
		{AC2F97A8-50E7-4B40-9C79-87C48238CFA6}.Release|Any CPU.ActiveCfg = Release|Any CPU
		{AC2F97A8-50E7-4B40-9C79-87C48238CFA6}.Release|Any CPU.Build.0 = Release|Any CPU
		{53FBA205-2807-485C-B1CD-E6BDD10E6BBD}.Debug|Any CPU.ActiveCfg = Debug|Any CPU
		{53FBA205-2807-485C-B1CD-E6BDD10E6BBD}.Debug|Any CPU.Build.0 = Debug|Any CPU
		{53FBA205-2807-485C-B1CD-E6BDD10E6BBD}.Release|Any CPU.ActiveCfg = Release|Any CPU
		{53FBA205-2807-485C-B1CD-E6BDD10E6BBD}.Release|Any CPU.Build.0 = Release|Any CPU
		{572EA19A-23B0-4021-82AA-E51E49AB4481}.Debug|Any CPU.ActiveCfg = Debug|Any CPU
		{572EA19A-23B0-4021-82AA-E51E49AB4481}.Debug|Any CPU.Build.0 = Debug|Any CPU
		{572EA19A-23B0-4021-82AA-E51E49AB4481}.Release|Any CPU.ActiveCfg = Release|Any CPU
		{572EA19A-23B0-4021-82AA-E51E49AB4481}.Release|Any CPU.Build.0 = Release|Any CPU
		{1D695E82-4863-4123-B8E6-F52AEF1D333A}.Debug|Any CPU.ActiveCfg = Debug|Any CPU
		{1D695E82-4863-4123-B8E6-F52AEF1D333A}.Debug|Any CPU.Build.0 = Debug|Any CPU
		{1D695E82-4863-4123-B8E6-F52AEF1D333A}.Release|Any CPU.ActiveCfg = Release|Any CPU
		{1D695E82-4863-4123-B8E6-F52AEF1D333A}.Release|Any CPU.Build.0 = Release|Any CPU
		{EFE16C65-1B37-4E19-984C-AB5BD38131DD}.Debug|Any CPU.ActiveCfg = Debug|Any CPU
		{EFE16C65-1B37-4E19-984C-AB5BD38131DD}.Debug|Any CPU.Build.0 = Debug|Any CPU
		{EFE16C65-1B37-4E19-984C-AB5BD38131DD}.Release|Any CPU.ActiveCfg = Release|Any CPU
		{EFE16C65-1B37-4E19-984C-AB5BD38131DD}.Release|Any CPU.Build.0 = Release|Any CPU
	EndGlobalSection
	GlobalSection(SolutionProperties) = preSolution
		HideSolutionNode = FALSE
	EndGlobalSection
	GlobalSection(NestedProjects) = preSolution
		{AC2F97A8-50E7-4B40-9C79-87C48238CFA6} = {FEA90B21-7705-4FBB-88DA-55D988999077}
		{53FBA205-2807-485C-B1CD-E6BDD10E6BBD} = {FEA90B21-7705-4FBB-88DA-55D988999077}
		{572EA19A-23B0-4021-82AA-E51E49AB4481} = {5DC3DDD7-17C6-4A75-90AC-9A36F6338A3F}
		{1D695E82-4863-4123-B8E6-F52AEF1D333A} = {5DC3DDD7-17C6-4A75-90AC-9A36F6338A3F}
		{EFE16C65-1B37-4E19-984C-AB5BD38131DD} = {809D05CC-07BF-48F5-A73A-12A8B9C46214}
	EndGlobalSection
	GlobalSection(ExtensibilityGlobals) = postSolution
		SolutionGuid = {763A60CD-08C2-4BE6-851C-0DEF6868D595}
	EndGlobalSection
EndGlobal
